
Microsoft Visual Studio Solution File, Format Version 12.00
# Visual Studio 2012
Project("{FAE04EC0-301F-11D3-BF4B-00C04F79EFBC}") = "01. PrintMatrix", "01. PrintMatrix\01. PrintMatrix.csproj", "{ECDD71C9-25B9-410D-B6DA-241F8CC90355}"
EndProject
Project("{FAE04EC0-301F-11D3-BF4B-00C04F79EFBC}") = "02. FindMatrixInsideMatrix", "02. FindMatrixInsideMatrix\02. FindMatrixInsideMatrix.csproj", "{34AF0F3F-9BC6-4133-AB7F-77E8C9D91DE3}"
EndProject
Project("{FAE04EC0-301F-11D3-BF4B-00C04F79EFBC}") = "03. LongestSequenceInArray", "03. LongestSequenceInArray\03. LongestSequenceInArray.csproj", "{15BB9A9D-A1B0-4C53-A0E5-654E62190C90}"
EndProject
Global
	GlobalSection(SolutionConfigurationPlatforms) = preSolution
		Debug|Any CPU = Debug|Any CPU
		Release|Any CPU = Release|Any CPU
	EndGlobalSection
	GlobalSection(ProjectConfigurationPlatforms) = postSolution
		{ECDD71C9-25B9-410D-B6DA-241F8CC90355}.Debug|Any CPU.ActiveCfg = Debug|Any CPU
		{ECDD71C9-25B9-410D-B6DA-241F8CC90355}.Debug|Any CPU.Build.0 = Debug|Any CPU
		{ECDD71C9-25B9-410D-B6DA-241F8CC90355}.Release|Any CPU.ActiveCfg = Release|Any CPU
		{ECDD71C9-25B9-410D-B6DA-241F8CC90355}.Release|Any CPU.Build.0 = Release|Any CPU
		{34AF0F3F-9BC6-4133-AB7F-77E8C9D91DE3}.Debug|Any CPU.ActiveCfg = Debug|Any CPU
		{34AF0F3F-9BC6-4133-AB7F-77E8C9D91DE3}.Debug|Any CPU.Build.0 = Debug|Any CPU
		{34AF0F3F-9BC6-4133-AB7F-77E8C9D91DE3}.Release|Any CPU.ActiveCfg = Release|Any CPU
		{34AF0F3F-9BC6-4133-AB7F-77E8C9D91DE3}.Release|Any CPU.Build.0 = Release|Any CPU
		{15BB9A9D-A1B0-4C53-A0E5-654E62190C90}.Debug|Any CPU.ActiveCfg = Debug|Any CPU
		{15BB9A9D-A1B0-4C53-A0E5-654E62190C90}.Debug|Any CPU.Build.0 = Debug|Any CPU
		{15BB9A9D-A1B0-4C53-A0E5-654E62190C90}.Release|Any CPU.ActiveCfg = Release|Any CPU
		{15BB9A9D-A1B0-4C53-A0E5-654E62190C90}.Release|Any CPU.Build.0 = Release|Any CPU
	EndGlobalSection
	GlobalSection(SolutionProperties) = preSolution
		HideSolutionNode = FALSE
	EndGlobalSection
EndGlobal
