
Microsoft Visual Studio Solution File, Format Version 12.00
# Visual Studio 2012
Project("{FAE04EC0-301F-11D3-BF4B-00C04F79EFBC}") = "01. SubstringExtension", "01. SubstringExtension\01. SubstringExtension.csproj", "{09C657A8-DF98-4166-A5BF-A70D1F9C7BB8}"
EndProject
Project("{FAE04EC0-301F-11D3-BF4B-00C04F79EFBC}") = "02. IEnumerableExtension", "02. IEnumerableExtension\02. IEnumerableExtension.csproj", "{2AD5803B-B50C-486D-8F6B-85CA8F7A3843}"
EndProject
Project("{FAE04EC0-301F-11D3-BF4B-00C04F79EFBC}") = "03. FindStudentsBasedOnName", "03. FindStudents\03. FindStudentsBasedOnName.csproj", "{338E1025-ADA6-4169-BA46-9210B0C94EBE}"
EndProject
Project("{FAE04EC0-301F-11D3-BF4B-00C04F79EFBC}") = "04. FindStudentsBasedOnAge", "04. FindStudentsBasedOnAge\04. FindStudentsBasedOnAge.csproj", "{5F9635F5-C4FC-4771-A01B-34E91EF1CE10}"
EndProject
Project("{FAE04EC0-301F-11D3-BF4B-00C04F79EFBC}") = "05. SortStudents", "05. SortStudents\05. SortStudents.csproj", "{FEE7F98F-5138-49FA-8AB5-AB9B2618D424}"
EndProject
Project("{FAE04EC0-301F-11D3-BF4B-00C04F79EFBC}") = "06. PrintDivisibleNumbers", "06. PrintDivisibleNumbers\06. PrintDivisibleNumbers.csproj", "{8923A072-9C47-4BB3-9FF7-871EA9A4C735}"
EndProject
Project("{FAE04EC0-301F-11D3-BF4B-00C04F79EFBC}") = "07. UsingDelegatesTimer", "07. Timer\07. UsingDelegatesTimer.csproj", "{68F2BDB6-5AC0-4C06-9E3B-57F32466D0AF}"
EndProject
Global
	GlobalSection(SolutionConfigurationPlatforms) = preSolution
		Debug|Any CPU = Debug|Any CPU
		Release|Any CPU = Release|Any CPU
	EndGlobalSection
	GlobalSection(ProjectConfigurationPlatforms) = postSolution
		{09C657A8-DF98-4166-A5BF-A70D1F9C7BB8}.Debug|Any CPU.ActiveCfg = Debug|Any CPU
		{09C657A8-DF98-4166-A5BF-A70D1F9C7BB8}.Debug|Any CPU.Build.0 = Debug|Any CPU
		{09C657A8-DF98-4166-A5BF-A70D1F9C7BB8}.Release|Any CPU.ActiveCfg = Release|Any CPU
		{09C657A8-DF98-4166-A5BF-A70D1F9C7BB8}.Release|Any CPU.Build.0 = Release|Any CPU
		{2AD5803B-B50C-486D-8F6B-85CA8F7A3843}.Debug|Any CPU.ActiveCfg = Debug|Any CPU
		{2AD5803B-B50C-486D-8F6B-85CA8F7A3843}.Debug|Any CPU.Build.0 = Debug|Any CPU
		{2AD5803B-B50C-486D-8F6B-85CA8F7A3843}.Release|Any CPU.ActiveCfg = Release|Any CPU
		{2AD5803B-B50C-486D-8F6B-85CA8F7A3843}.Release|Any CPU.Build.0 = Release|Any CPU
		{338E1025-ADA6-4169-BA46-9210B0C94EBE}.Debug|Any CPU.ActiveCfg = Debug|Any CPU
		{338E1025-ADA6-4169-BA46-9210B0C94EBE}.Debug|Any CPU.Build.0 = Debug|Any CPU
		{338E1025-ADA6-4169-BA46-9210B0C94EBE}.Release|Any CPU.ActiveCfg = Release|Any CPU
		{338E1025-ADA6-4169-BA46-9210B0C94EBE}.Release|Any CPU.Build.0 = Release|Any CPU
		{5F9635F5-C4FC-4771-A01B-34E91EF1CE10}.Debug|Any CPU.ActiveCfg = Debug|Any CPU
		{5F9635F5-C4FC-4771-A01B-34E91EF1CE10}.Debug|Any CPU.Build.0 = Debug|Any CPU
		{5F9635F5-C4FC-4771-A01B-34E91EF1CE10}.Release|Any CPU.ActiveCfg = Release|Any CPU
		{5F9635F5-C4FC-4771-A01B-34E91EF1CE10}.Release|Any CPU.Build.0 = Release|Any CPU
		{FEE7F98F-5138-49FA-8AB5-AB9B2618D424}.Debug|Any CPU.ActiveCfg = Debug|Any CPU
		{FEE7F98F-5138-49FA-8AB5-AB9B2618D424}.Debug|Any CPU.Build.0 = Debug|Any CPU
		{FEE7F98F-5138-49FA-8AB5-AB9B2618D424}.Release|Any CPU.ActiveCfg = Release|Any CPU
		{FEE7F98F-5138-49FA-8AB5-AB9B2618D424}.Release|Any CPU.Build.0 = Release|Any CPU
		{8923A072-9C47-4BB3-9FF7-871EA9A4C735}.Debug|Any CPU.ActiveCfg = Debug|Any CPU
		{8923A072-9C47-4BB3-9FF7-871EA9A4C735}.Debug|Any CPU.Build.0 = Debug|Any CPU
		{8923A072-9C47-4BB3-9FF7-871EA9A4C735}.Release|Any CPU.ActiveCfg = Release|Any CPU
		{8923A072-9C47-4BB3-9FF7-871EA9A4C735}.Release|Any CPU.Build.0 = Release|Any CPU
		{68F2BDB6-5AC0-4C06-9E3B-57F32466D0AF}.Debug|Any CPU.ActiveCfg = Debug|Any CPU
		{68F2BDB6-5AC0-4C06-9E3B-57F32466D0AF}.Debug|Any CPU.Build.0 = Debug|Any CPU
		{68F2BDB6-5AC0-4C06-9E3B-57F32466D0AF}.Release|Any CPU.ActiveCfg = Release|Any CPU
		{68F2BDB6-5AC0-4C06-9E3B-57F32466D0AF}.Release|Any CPU.Build.0 = Release|Any CPU
	EndGlobalSection
	GlobalSection(SolutionProperties) = preSolution
		HideSolutionNode = FALSE
	EndGlobalSection
EndGlobal
