
Microsoft Visual Studio Solution File, Format Version 12.00
# Visual Studio 2012
Project("{FAE04EC0-301F-11D3-BF4B-00C04F79EFBC}") = "CodeJewels.Models", "CodeJewels.Models\CodeJewels.Models.csproj", "{D508EB73-E7A8-48DA-AC0F-21C8D40B3FBF}"
EndProject
Project("{FAE04EC0-301F-11D3-BF4B-00C04F79EFBC}") = "CodeJewels.Data", "CodeJewels.Data\CodeJewels.Data.csproj", "{2B6F663C-A630-4A3D-BCA6-16BEC3D6E8A4}"
EndProject
Project("{FAE04EC0-301F-11D3-BF4B-00C04F79EFBC}") = "CodeJewels.Services", "CodeJewels.Services\CodeJewels.Services.csproj", "{3310C835-82F3-4553-A214-281B634A3183}"
EndProject
Global
	GlobalSection(SolutionConfigurationPlatforms) = preSolution
		Debug|Any CPU = Debug|Any CPU
		Release|Any CPU = Release|Any CPU
	EndGlobalSection
	GlobalSection(ProjectConfigurationPlatforms) = postSolution
		{D508EB73-E7A8-48DA-AC0F-21C8D40B3FBF}.Debug|Any CPU.ActiveCfg = Debug|Any CPU
		{D508EB73-E7A8-48DA-AC0F-21C8D40B3FBF}.Debug|Any CPU.Build.0 = Debug|Any CPU
		{D508EB73-E7A8-48DA-AC0F-21C8D40B3FBF}.Release|Any CPU.ActiveCfg = Release|Any CPU
		{D508EB73-E7A8-48DA-AC0F-21C8D40B3FBF}.Release|Any CPU.Build.0 = Release|Any CPU
		{2B6F663C-A630-4A3D-BCA6-16BEC3D6E8A4}.Debug|Any CPU.ActiveCfg = Debug|Any CPU
		{2B6F663C-A630-4A3D-BCA6-16BEC3D6E8A4}.Debug|Any CPU.Build.0 = Debug|Any CPU
		{2B6F663C-A630-4A3D-BCA6-16BEC3D6E8A4}.Release|Any CPU.ActiveCfg = Release|Any CPU
		{2B6F663C-A630-4A3D-BCA6-16BEC3D6E8A4}.Release|Any CPU.Build.0 = Release|Any CPU
		{3310C835-82F3-4553-A214-281B634A3183}.Debug|Any CPU.ActiveCfg = Debug|Any CPU
		{3310C835-82F3-4553-A214-281B634A3183}.Debug|Any CPU.Build.0 = Debug|Any CPU
		{3310C835-82F3-4553-A214-281B634A3183}.Release|Any CPU.ActiveCfg = Release|Any CPU
		{3310C835-82F3-4553-A214-281B634A3183}.Release|Any CPU.Build.0 = Release|Any CPU
	EndGlobalSection
	GlobalSection(SolutionProperties) = preSolution
		HideSolutionNode = FALSE
	EndGlobalSection
EndGlobal
